# This file was autogenerated by uv via the following command:
#    uv pip compile requirements-dev.txt --generate-hashes --python-version 3.12 --universal -o requirements-dev.lock
anyio==4.15.1 ; sys_platform != 'emscripten' \
    --hash=sha256:6152fdbbf9a77fdec97731721bebf7c4c44f7c29b424b0065826173efc7ed101 \
    --hash=sha256:9f28306018cbd6d329e64a36d58256edff76dd996fe423bc957326e578b82a94
    # via
    #   -c requirements.lock
    #   httpx2
colorama==0.4.6 ; sys_platform == 'win32' \
    --hash=sha256:08695f5cb7ed6e0531a20572697297273c47b8cae5a63ffc6d6ed5c201be6e44 \
    --hash=sha256:4f1d9991f5acc0ca119f9d443620b77f9d6b33703e51011c16baf57afb285fc6
    # via pytest
greenlet==3.5.6 \
    --hash=sha256:0616b8f878098c5681fd8f0dc92d887551717402342a70f0abcbfea5f5ad8a44 \
    --hash=sha256:06c0e933290fba8ffe53ead4ae1b8044b0e9754b75cebf381aa2bc3e50d82fac \
    --hash=sha256:128813fc29f2336a21b4d06eedd5e16bcc7ea46f59e9ff1cb30ea70e48195d88 \
    --hash=sha256:188bf333769b7145e2b0b4a7f09615ec550ed44d3a2a8395fb7b36f0e9901e13 \
    --hash=sha256:1c20ea32a73d17b9b60e3371240e17b0068120c98a5ec01a224a7dd8c89733ba \
    --hash=sha256:2ab5f42ac6c238eb71770715e6e909ad9a1a92b6c681ccb64cd5a0f07edb953f \
    --hash=sha256:301102a49120b095e72a7838792b41233975fc1c155daec6d98f81c00c9280e0 \
    --hash=sha256:311018b46472fb26ee85870847fb89eb64cc8aaddb617400789d87076f7cfeec \
    --hash=sha256:3ac3494c381dab876cad7d0b22f3a722f3e0c8deb3a65b9e7f35ad7f58b8fcb3 \
    --hash=sha256:3c6dede9133e1da41d561bc3fb14e92b47e2ce39ae60edefaad145658ea7c5e2 \
    --hash=sha256:3dbb4596a6a4e5d47121a33ff20533a81e60f302d9e67b69909a8bc21a43f0a7 \
    --hash=sha256:3deccbb57a481e3a408fe61cdfd5c13e0678fc0a30fdd09597917ca87b4be877 \
    --hash=sha256:45663c01a4de48b9a64a2ee1509d92d1dfd3afb02b2ccfc9333029d11aef996a \
    --hash=sha256:45bfd2b51e38aaa5f9849f114d9c7c1d75f69187c849b3549cd64c465283abfa \
    --hash=sha256:460e70b033aba8ed47e2ac9b5d0d2157b05a34fbfa30a241400aef4118902cdc \
    --hash=sha256:4fb8e59f68845d56c23c031dcd79c329f345e4a9d2ffac91c3d1ab366bdc457b \
    --hash=sha256:520648db8fb92eef7b3e6013f5a6f901cdf0d6685f639c2f7a245879f865bef7 \
    --hash=sha256:5599b380c1f28efeb724e81569eac80cd92f99a85bd9775456caaf3225d40b11 \
    --hash=sha256:59deccd347735a7774223b05a93773fddbb298aba3cea21be4337fb4752dbe32 \
    --hash=sha256:5a0b2791239c99992a86c1b635b787fe2a877d9eaaa26f8891ce943832b585ae \
    --hash=sha256:5adcbbfe78bdc242c71740a02e0991cc1b2f34d33c8bb15ca45eee8fd1140942 \
    --hash=sha256:5b602b4201b965a8354d74e232364a66ff243dd142e350d035f46169bb36e13d \
    --hash=sha256:5bbda3c70dd35d60671bc33b01916802707a052130d9e50cdb871d34594d35cb \
    --hash=sha256:602024dae6d77e161f4b89491b62ca1d4f19949d79d47b2db057e476d21179d6 \
    --hash=sha256:61a61b4a95a4f97922c3a6f5606d3e360851584bd47e500a5161373c53810e3d \
    --hash=sha256:63aff70fe5aac59c72215f42ec39fcb59ff46774fa966e717f8ecb6ee2273577 \
    --hash=sha256:71890d5247020c25c21a6b65202782bfc281d4e6e244842419d30e3492bb6dcc \
    --hash=sha256:73a29b5ba642e35433166a03a3e02935e7238c4b3467fbd77523b99edea23e5b \
    --hash=sha256:7969bffa322c097bd46ae595ada6a931cefda613f18ba64587e9cff4cb320756 \
    --hash=sha256:7ac4abb3877c43af320392c664774eef6fa2cc063c79a55fc02d844a3cbe7395 \
    --hash=sha256:7f731ebac68ea06d628658295cb2d217b10186329fcf9a3b6a149045059bf92e \
    --hash=sha256:7f924a5a9d5890649566f2f6682e0d8ad8ca23028bacffbbac36dbd7fd680176 \
    --hash=sha256:874cea8bb1ec1ddccbacbd027856f6bf496f6bc18aba97a918c20e067edab236 \
    --hash=sha256:876077e7ebb8c84ed068e2b23d4c62ebb010d60df84b9591af1be2f39010ffb2 \
    --hash=sha256:886bcf1870af74c32bc310fd00a6b803445e17e51b7d5a107c7b35c0f362cc16 \
    --hash=sha256:8b27df301f56e3b3d2298095c8f7d6b68f2521f6b1693e901fa039bdbae34424 \
    --hash=sha256:8b7c73d1cef3d9ae963e9ff03f6222df43efbb9054ffd2f1969c935b7fc84c02 \
    --hash=sha256:8cda13494d86a4f12429641117cb6ac4bbbc9c30a33f711f7d3a2e5fbe4b0b7e \
    --hash=sha256:8cddea1b8339451c2fb3388e138347b6126744f33b611bdb55b7357361cfef46 \
    --hash=sha256:8dba0129b93e7091dfefaf4cf7000172741bff7f47bf6326fcf17f32fbb54d6b \
    --hash=sha256:8e67c43bdfc88d5fee6db0d3e40175b362fc95fb85f0412d233b9b203c53a575 \
    --hash=sha256:9133d68624b1f2e89ec2f554d56aea8a5b0d7168cd9320200ba58d4d794845a4 \
    --hash=sha256:916f92f2a8db10508f739d0b5e00b83defe5d1115a997c54532a6d7cf8c95404 \
    --hash=sha256:9297fb9c39b9a2c039dbcd306c410bd6906b95244dec3bba4318d36c718c164c \
    --hash=sha256:95e7c44d072db623a1aab04ce488cf9533294a77ed9d072cd503a3596f4106ac \
    --hash=sha256:975736b002ed080d124cf81a79cb7e05cb26d6b3f5c7a7b651c0fcce70353aa1 \
    --hash=sha256:97c5a53e8c1754df58e73f047a99e287d4da1bdfe64b0072fb25c87000897951 \
    --hash=sha256:9a09d59bef1db94f384b5bcc2d523694d338f3df6b757aeeaf7baca5d0c0be88 \
    --hash=sha256:a364c1ea75dc51b83a17f52fe0c79cf8bc4ddf740403bebd4581c7666eea017d \
    --hash=sha256:a3b4a01c6da07ef9f80d4fe8933b994bc99747bcea3eab0330a9c34d3c12655b \
    --hash=sha256:a5876d0a60355af98d535c47f6cd6eb0f8a432396dab26845d380b92f8412422 \
    --hash=sha256:a6a4b98a9132e0f45c9fc245a63894cfd8c45fb7a0d6bffc5eab3ec327cf7324 \
    --hash=sha256:a6b4ff33f7e011bbaa148238d131c4fd4f8afbab3c104ddfbdb2b12b74ff7016 \
    --hash=sha256:a93ee7c6e8fd0f8a83525a51bd777be57ee17787e91d805bd8d6faf9dcada18e \
    --hash=sha256:b374e79ffa7511afc11773aef40a4ccea6191fba1c856ea2f9c56738dca69d7a \
    --hash=sha256:b7d501d5eb5d4f67207df364752ad697465b834268744be7581c18d81d35d41d \
    --hash=sha256:c59acfa8eb73a1e0d484392dc002bdf001fd4ce73394e0132df3d1ab6093d7cb \
    --hash=sha256:c75116c9de79949de23006e2d9b35ee82874c594fcf5c0311b439acaa14b8441 \
    --hash=sha256:ca80a49b53ed1d22f7282da7255f7bb2fd1935fd0f623d8613fda38745f18961 \
    --hash=sha256:cad5782f93f7f738b62c6527b6f32a60694d924029f299a8b524758cfa53d815 \
    --hash=sha256:ccadce0130fd813ec86ebfe969a6c58b42acc1d0fe55a47525375b740e07b605 \
    --hash=sha256:d701eab36200c36224833d07dbdb709adb7fd4253429548ddb5e547b8ed40586 \
    --hash=sha256:dad3d233d441a022c1f7155f0fb9d5aff7b97c1ea8c7dfa02cce586b16ab2d0b \
    --hash=sha256:dd0b83bed3405b586a3133629f1d1a5bc7bfd64822a3b7ab342bdc68e6dbc61b \
    --hash=sha256:de3de000d459402cda015068fd135aa50c0bf6f2477a80d4da1e646f123b4e78 \
    --hash=sha256:de9923832f2d8c1a5ecd8d7260465a6ca5a86888a0d129e3bd5cf0406d2fc5bf \
    --hash=sha256:df19e2d0b1620039af5102563fbd96e8938c7f5c3f5828528d641d9fc585525e \
    --hash=sha256:e85880b538e59a59f55117b81f208a6660ad5ac328aad9305f812d9b8bc67a0f \
    --hash=sha256:ee7d9da3bf493909cf811a3f038840cb34fab5ae2956b8a263919f6e289ab188 \
    --hash=sha256:eed88b64a5e5da72d6a71cdc5aaeefaa5ced9b748f8d19f89800b339961dad39 \
    --hash=sha256:f0ba7c2a329d650628f4c8572fd1db29f0a59dd70a3e3e0710dcf18a35cce9d8 \
    --hash=sha256:f8e63209c3e1e828ee6a457529b4a6d8b05d050fe0ae03a7ae49e967c5d312e0 \
    --hash=sha256:f8f0bd690e1a41294ac87905e8121c81a3761ec2583c768f13467428606c8c7a \
    --hash=sha256:f96f0e30b5a95c7631b12bfe214cbc90ec8fe8cfa36920596c10514a65743519 \
    --hash=sha256:f98e8215e172f567ce80eeaed9107fb4d32b6c44f26983d9b8334658136a205a \
    --hash=sha256:f9fe868463ec7e1363733af77e38a5fda3e9b63940337048c945d69e0c80ff24 \
    --hash=sha256:fdacf26402389bdd89857ad3c045a26fe8f3314f9a8b28226f82f88463a65b77 \
    --hash=sha256:fe3170a69fe039b18ad18171e66faa9a75f6fe9d78f968fd9b54e09fbd714d81 \
    --hash=sha256:fea4427d1ffdb3b523d7daa6712038428a4c16c450b9777bdd1221cfee0eab49
    # via playwright
h11==0.16.0 ; sys_platform != 'emscripten' \
    --hash=sha256:4e35b956cf45792e4caa5885e69fba00bdbc6ffafbfa020300e549b208ee5ff1 \
    --hash=sha256:63cf8bbe7522de3bf65932fda1d9c2772064ffb3dae62d55932da54b31cb6c86
    # via
    #   -c requirements.lock
    #   httpcore2
httpcore2==2.13.1 ; sys_platform != 'emscripten' \
    --hash=sha256:e0aa977abe17e69a3b820a24542a6fa88702676d83880b8d194dcd18408e5103 \
    --hash=sha256:e1e05d4f25f7d7d496bfb96748f6f4b67657b03da069b3a68c36069f3db73d0a
    # via httpx2
httpx2==2.13.1 \
    --hash=sha256:6dff50fabc270ee5fd25d845d0b078ed20564579744d6d962850975996d2f9a4 \
    --hash=sha256:e48744a19e3af5ee48313d0ce5fe941d5422fae5705ea922a4aabf94d7800dfa
    # via -r requirements-dev.txt
httpx2-jsfetch==1.0 ; sys_platform == 'emscripten' \
    --hash=sha256:70a0e3eabfef7cce5ad9c629f7d01ca05e418f586646f4ddf14782e4c1454c60 \
    --hash=sha256:cb916b707601e69a07721aabc8f3f6659be3a6893bc1ff5c6f9e02241df2da32
    # via httpx2
idna==3.20 \
    --hash=sha256:a7db850025b95ded1eae8a46181a1a6c56c92c96f0e2b005d9ff8dc0210cab44 \
    --hash=sha256:ab7ae7122974553370f0bdb919e1a960b2cd1bc1ef0276416d896db81c14582c
    # via
    #   -c requirements.lock
    #   anyio
    #   httpx2
iniconfig==2.3.0 \
    --hash=sha256:c76315c77db068650d49c5b56314774a7804df16fee4402c1f19d6d15d8c4730 \
    --hash=sha256:f631c04d2c48c52b84d0d0549c99ff3859c98df65b3101406327ecc7d53fbf12
    # via pytest
packaging==26.3 \
    --hash=sha256:94edc256424af38762eb31306eed28beb9f0efc50a8837492c9d6fd6004aed79 \
    --hash=sha256:d7193f7c8e4e93f444fde0262bf90af30e16fa0ad0ad44cb553c87339b23cd1c
    # via pytest
pillow==12.3.0 \
    --hash=sha256:00808c5e14ef63ac5161091d242999076604ff74b883423a11e5d7bbb38bf756 \
    --hash=sha256:04f01d28a6aaff387bf842a13be313df23ba0597a44f1a976c9feb3c6ff4711a \
    --hash=sha256:06ff022112bc9cbf83b60f8e028d94ad87b60621706487e65f673de61610ab59 \
    --hash=sha256:0740a512dc522224c77d9aa5a8d70d8b7d73fb91f2c21125d8d025d3b8990e45 \
    --hash=sha256:0847a763afefb695bc912d7c131e7e0632d4edc1d8698f58ddabec8e46b8b6d3 \
    --hash=sha256:0dd2064cbc55aaec028ef5fbb60fa47bb6c3e7918e07ff17935284b227a9d2df \
    --hash=sha256:0feb2e9d6ad6c9e3c06effe9d00f3f1e618a6643273576b016f591e9315a7139 \
    --hash=sha256:10e41f0fbf1eec8cfd234b8fe17a4caac7c9d0db4c204d3c173a8f9f6ef3232b \
    --hash=sha256:1182d52bc2d5e5d7d0949503aa7e36d12f42205dc287e4883f407b1988820d39 \
    --hash=sha256:164b31cd1a0490ab6efae01aa5df49da7061be0af1b30e035b6e9a1bfe34ee6e \
    --hash=sha256:1657923d2d45afb66526e5b933e5b3052e6bdea196c90d3abb2424e18c77dae8 \
    --hash=sha256:186941b6aef820ad110fb01fb06eb925374dc3a21b17e37ec9a53b250c6fe2d1 \
    --hash=sha256:1cca606cd25738df4ed873d5ad46bbdb3d83b5cbca291f6b4ff13a4df6b0bbe8 \
    --hash=sha256:21900ce7ba264168cd50defae43cd75d25c833ad4ad6e73ffc5596d12e25ac89 \
    --hash=sha256:236ff70b9312fb68943c703aa842ca6a758abfa45ac187a5e7c1452e96ef72b5 \
    --hash=sha256:23aceaa007d6172b02c277f0cd359c79492bbb14f7072b4ede9fbcaf20648130 \
    --hash=sha256:23d27a3e0307ec2244cc51e7287b919aa68d097504ebe19df4e76a98a3eea5bd \
    --hash=sha256:24870b09b224f7ae3c39ed07d10e819d06f8720bc551847b1d623832b5b0e28d \
    --hash=sha256:251bf95b67017e27b13d82f5b326234ca62d70f9cf4c2b9032de2358a3b12c7b \
    --hash=sha256:25b9b82bb22e6e2b3cd07b39c68b7b862001226cb3dff7130d1cb914121b39ed \
    --hash=sha256:28ce87c5ab450a9dd970b52e5aca5fe63ed432d18a2eaddd1979a00a1ba24ace \
    --hash=sha256:300557495eb45ebb8aec96c2da9c4be642fbf7cd937278b4013ba894ea8eb0eb \
    --hash=sha256:30f2aa603c41533cc25c05acd0da21636e84a315768feb631c937177db558931 \
    --hash=sha256:331b624368d4f1d069149002f25f44bc61c8919ce8ddb3c45bdad8f6e2d89510 \
    --hash=sha256:37d6d0a00072fd2948eb22bce7e1475f34569d90c87c59f7a2ec59541b77f7a6 \
    --hash=sha256:37dc8f7bbb66efe481bb60defacef820c950c24713fb44962ed6aa2a50966de1 \
    --hash=sha256:3b8182a766685eaa002637e28b4ec8d6b18819a0c71f579bf0dbaa5830297cce \
    --hash=sha256:3edce1d53195db527e0191f84b71d02022de0540bf43a16ed734ed7537b07385 \
    --hash=sha256:446c34dcc4324b084a53b705127dc15717b22c5e140ae0a3c38349d4efec071e \
    --hash=sha256:4998562bf62a445225f22e07c896bb04b35b1b1f2eb6d760584c9c51d7a5f78c \
    --hash=sha256:4b0a7fe987b14c31ebda6083f74f22b561fd3739bc0ac51e019622e3d72668c7 \
    --hash=sha256:4e8c2a84d977f50b9daed6eeaf3baef67d00d5d74d932288f02cb94518ee3ace \
    --hash=sha256:4f883547d4b7f0495ebe7056b0cc2aea76094e7a4abc8e933540f3271df27d9c \
    --hash=sha256:514435a37670e3e5e08f3945b68718b6ed329bb84367777e16f9f4dfe1e61a0f \
    --hash=sha256:53aa02d20d10c3d814d536aa4e5ac9b84ca0ff5a88377963b085ad6822f93e64 \
    --hash=sha256:5594fc43d548a7ed94949d139aa1341b270f1863f11cfd37f5a6c8b778a6b67f \
    --hash=sha256:571b9fcb07b97ef3a492028fb3d2dc0993ca23a06138b0315286566d29ef718a \
    --hash=sha256:57b3d78c95ba9059768b10e28b813002261d3f3dfc55cc48b0c988f625175827 \
    --hash=sha256:5afb51d599ea772b8365ae807ae557f18bccfe46ab261fd1c2a9ed700fc6eb17 \
    --hash=sha256:6b02afb9b97f65fbca5f31db6a2a3ba21aa93030225f150fa3f249717e938fb4 \
    --hash=sha256:6c0016e7b354317c4e9e525b937ac8596c38d2d232b419529b9cd7a1cd46e39a \
    --hash=sha256:71d6097b330eea8fd15097780c8e89cb1a8ce7838669f48c5bacd6f663dd4701 \
    --hash=sha256:756c768d0c9c2955feb7a56c37ea24aea2e369f8d36a88da270b6a9f19e62b5e \
    --hash=sha256:78cb2c6865a35ab8ff8b75fd122f6033b92a62c82801110e48ddd6c936a45d91 \
    --hash=sha256:7a743ff716f746fc19a9557f60dab1600d4613255f8a7aeb3cdde4db7eb15a66 \
    --hash=sha256:85f998ea1848bc6757289e739cfbdda3a04adfd58b02fc018ce54d754a5ce468 \
    --hash=sha256:8728f216dcdb6e6d555cf971cb34076139ad74b31fc2c14da4fafc741c5f6217 \
    --hash=sha256:877c3f311ff35410f690861c4409e7ccbf0cd2f878e50628a28e5a0bb689e658 \
    --hash=sha256:8cd2f7bdda092d99c9fc2fb7391354f306d01443d22785d0cbfafa2e2c8bb418 \
    --hash=sha256:8e95e1385e4998ae9694eeaa4730ba5457ff61185b3a55e2e7bea0880aef452a \
    --hash=sha256:962864dc93511324d51ddbb5b9f8731bf71675b93ca612a07441896f4688fb8c \
    --hash=sha256:9cf95fe4d0f84c82d282745d9bb08ad9f926efa00be4697e767b814ce40d4330 \
    --hash=sha256:9e881fca225083806662a5c43d627d215f258ff43c890f831966c7d7ba9c7402 \
    --hash=sha256:a2b55dd6b2a4c4b7d87ffa56bdb33fdc5fdb9a462173861a7bc097f17d91cb09 \
    --hash=sha256:a45650e8ce7fafffd731db8550230db6b0d306d181a90b67d3e6bca2f1990930 \
    --hash=sha256:a876864214e136f0eb367788dbd7df045f4806801518e2cfe9e13229cfe06d8f \
    --hash=sha256:ae26d61dfa7a47befdc7572b521024e8745f3d809bd95ca9505a7bba9ef849ec \
    --hash=sha256:af8d94b0db561cf68b88a267c5c44b49e134f525d0dc2cb7ed413a66bc23559a \
    --hash=sha256:b343699e8308bdc51978310e1c959c584e7869cc8c40780058c87da7781a1e94 \
    --hash=sha256:b3c777e849237620b022f7f297dd67705f9f5cf1685f09f02e46f93e92725468 \
    --hash=sha256:b629de27fda84b42cde7edef0d85f13b958b47f6e9bbcbba9b673c562a89bd8b \
    --hash=sha256:ba09209fbe443b4acccebe845d8a138b89a8f4fbaeedd44953490b5315d5e965 \
    --hash=sha256:ba54cfebe86920a559a7c4d6b9050791c20513650a1952ebe3368c7dc70306f8 \
    --hash=sha256:bcb46e2f9feff8d06323983bd83ed00c201fdcab3d74973e7072a889b3979fcd \
    --hash=sha256:bcc33feacfaefce60c12fd500a277533bdc02b10a19f7f6d348763d8140bbba7 \
    --hash=sha256:bf16ba1b4d0b6b7c8e534936632270cf70eb00dbe09005bc345b2677b726855c \
    --hash=sha256:cf1845d02ad822a369a49f2bb9345b1614744267682e7a03527dc3bf6eea1777 \
    --hash=sha256:d69141514cc30b774ceea5e3ed3a6635c8d8a96edf664689b890f4089111fb35 \
    --hash=sha256:d9c7f76c0673154f044e9d78c8655fb4213f6ca31a836df48b40fe5d187717b9 \
    --hash=sha256:dbce0b29841537a2fa4a214c2bbf14de3587c9680caa9b4e217568472490b28f \
    --hash=sha256:dc624f6bc473dacdf7ef7eb8678d0d08edf15cd94fad6ae5c7d6cc67a4e4902f \
    --hash=sha256:e158cb00350dc278f3b91551101aa7d12415a66ebf2c91d8d5ac14e56ddd3ad0 \
    --hash=sha256:e491916b378fba47242221bb9ead245211b70d504f495d105d17b14a24b4907c \
    --hash=sha256:e795b7eb908249c4e43c7c99fac7c2c75dab0c43566e37db472a355f63693d71 \
    --hash=sha256:e7e480451b9fa137494bccd3a7d69adbe8ac65a87d97be61e11f1b1050a5bac3 \
    --hash=sha256:e91206ee562682b51b98ef4b26a6ef48fd84e15fd4c4bc5ec768eb641d206838 \
    --hash=sha256:e9871b1ffbfa9656b60aeee92ed5136a5742696006fa322b29ea3d8da0ecc9cf \
    --hash=sha256:e9aeb04d6aef139de265b29683e119b638208f88cf73cdd1658aa07221165321 \
    --hash=sha256:ebaea975e03d3141d9d3a507df75c9b3ec90fa9d2ffd07567b3a978d9d790b26 \
    --hash=sha256:f0606c8bf2cdefea14a43530f7657cbbb7ecf1c4222512492ef4a4434a9501ec \
    --hash=sha256:f13c32a3abd6079a66d9526e18dad9b6d280384d49d7c54040cd57b6424041d9 \
    --hash=sha256:f7401aebd7f581d7f83a439d87d474999317ee099218e5ad25d125290990ba65 \
    --hash=sha256:fa4ecea169a355be7a3ade2c783e2ed12f0e40d2c5621cda8b3297faf7fbb9f5 \
    --hash=sha256:fbd139c8447d25dd750ab79ee274cc5e1fe80fc56340ab10b18a195e1b6eca3e \
    --hash=sha256:fdafc9cce40277e0f7a0feabce0ee50dd2fa1800f3b38015e51296b5e814048d \
    --hash=sha256:fe3cca2e4e8a592be0f269a1ca4835c25199d9f3ce815c8491048f785b0a0198 \
    --hash=sha256:ffd0c5368496f41b0944be820fcb7a838aa6e623d250b01acf2643939c3f99d7
    # via -r requirements-dev.txt
playwright==1.63.0 \
    --hash=sha256:1e4a3a838ce22fb68ad17193fcd142a19610d9d70fb9966d2239f5dddc0cc05b \
    --hash=sha256:2f9a707a6c6c91157ed77bff2b8caeb04b3c8d46e70d585fc134298cbe4b5cc6 \
    --hash=sha256:354e15b29503565fc598b89f16fbe070459343bef9d7498a93e304864000c6a7 \
    --hash=sha256:660c00c62639e31b16700ba5456b351ddba55bb766b7ce8261223aa34928e482 \
    --hash=sha256:84c540759e8e7f01e690e197e04060f48899d37cea322299f255843273d3385d \
    --hash=sha256:ad21bc07516b187965a7521c5cf0df0bd657b17482eaad74335272d35a2b07de \
    --hash=sha256:c89fc4736502a1f0fac2c8ca5d10c0cbc1c669f1f4774a2d8507a43140e4d53f \
    --hash=sha256:fd1aa00631d44d55e56e0975bf3f3f285fac4a9fd2813183f0c12a488f1a1b24
    # via -r requirements-dev.txt
pluggy==1.6.0 \
    --hash=sha256:7dcc130b76258d33b90f61b658791dede3486c3e6bfb003ee5c9bfb396dd22f3 \
    --hash=sha256:e920276dd6813095e9377c0bc5566d94c932c33b27a3e3945d8389c374dd4746
    # via pytest
pyee==13.0.1 \
    --hash=sha256:0b931f7c14535667ed4c7e0d531716368715e860b988770fc7eb8578d1f67fc8 \
    --hash=sha256:af2f8fede4171ef667dfded53f96e2ed0d6e6bd7ee3bb46437f77e3b57689228
    # via playwright
pygments==2.21.0 \
    --hash=sha256:2363c69b61c4a97c838da3b130dcd6468f4848992b21a82f2a63ec34377137d9 \
    --hash=sha256:610ca751c9bc2492b38eb9a38a7fbc93edbbb2d7182edaf34e66ae493dee5c8c
    # via pytest
pytest==9.1.1 \
    --hash=sha256:1088fbde8f2b49d95a549a195707afa7a76a3ce9bcadc26b6d71f0ffda5fe313 \
    --hash=sha256:37a86b45efb9a47a61a36449063e8e18d0cab3161329fc099eb21783169c4f0c
    # via -r requirements-dev.txt
ruff==0.16.10 \
    --hash=sha256:1dfc6f0088149fb6a362c1c446bcbb3fd2157b3852fe2fa68409276eab9ad9b3 \
    --hash=sha256:25a65fe998c4e6861ec079ada5826a2fc605e6cbccbe9dcd7fac1f54e791621b \
    --hash=sha256:2a12e01cb9156c10c466f63b46eaae5ecea28dfbd21b5836353ae498e7d1349a \
    --hash=sha256:3031a4a2e8e7b8a46f70be45f198c35a11ece509a94b80334d8d397a33c67550 \
    --hash=sha256:3e70175e29cc94c26ea296c80e470180b744b7419026898e58f520c6ab32578e \
    --hash=sha256:488b0fe3f3574210e5cf80d9f59b9e3ab17a127a8155de3f307b392589cfb511 \
    --hash=sha256:494401c86df4c4c25f69b9419605d944467ee98c42fb6ad405ef4fa40b8fb67d \
    --hash=sha256:6553498afc35f580f036030795810b9e6bcea31604b0fd9e8d352795473042e3 \
    --hash=sha256:7ae7375f803b5520dc9f546bed7e3a0acb70b91812e9bb4b19927de22f25b77d \
    --hash=sha256:92e59a70bcbd9d3a5483656da906ec28edfdacfce00afd99edb8b4e9d15644be \
    --hash=sha256:97f2015c92aa97105b0eab19eb5d224884399281cfc5da86a92db4ab5e7fb2ca \
    --hash=sha256:a3b8471dea115d37f123882be852bed13403746d3a76c11de4a19ec5f9ff5a03 \
    --hash=sha256:bc2610fb269fa56dd8a68669ae470fa6272902668c0fc2ebc3aa112b2633d5b8 \
    --hash=sha256:bd83d1235a5258d318477bc5b576303974cbdef5df0c01a1bff14efcc23bd12a \
    --hash=sha256:d203abc0ff2b773ee33d00ab8df0bb67046fbc7c07b119332f08b9b345cf8221 \
    --hash=sha256:e748ff95c934c4e978783b8e687bc174e7bd84e8ad24e3243e1ecfcda5e0282d \
    --hash=sha256:eff4728c4eaae93f0955cd264d24b2ab348e74bf59986ccf282ba6dc16b3b017 \
    --hash=sha256:f33f43a864a8483eebd160e713336c8bab02c934feaff0a33cf5ccb41546d09a
    # via -r requirements-dev.txt
truststore==0.10.4 ; sys_platform != 'emscripten' \
    --hash=sha256:9d91bd436463ad5e4ee4aba766628dd6cd7010cf3e2461756b3303710eebc301 \
    --hash=sha256:adaeaecf1cbb5f4de3b1959b42d41f6fab57b2b1666adb59e89cb0b53361d981
    # via
    #   httpcore2
    #   httpx2
typing-extensions==4.16.0 \
    --hash=sha256:481caa481374e813c1b176ada14e97f1f67a4539ce9cfeb3f350d78d6370c2e8 \
    --hash=sha256:dc983d19a509c94dba722ee6abd33940f7c05a89e243c47e907eb4db6f1a43e5
    # via
    #   -c requirements.lock
    #   anyio
    #   httpx2
    #   pyee
